
Microsoft Visual Studio Solution File, Format Version 12.00
# Visual Studio Version 17
VisualStudioVersion = 17.5.002.0
MinimumVisualStudioVersion = 10.0.40219.1
Project("{9A19103F-16F7-4668-BE54-9A1E7A4F7556}") = "ProjetoDS2.0", "ProjetoDS2.0.csproj", "{4580D5E1-3499-42CD-B822-AEFC60673ECA}"
EndProject
Global
	GlobalSection(SolutionConfigurationPlatforms) = preSolution
		Debug|Any CPU = Debug|Any CPU
		Release|Any CPU = Release|Any CPU
	EndGlobalSection
	GlobalSection(ProjectConfigurationPlatforms) = postSolution
		{4580D5E1-3499-42CD-B822-AEFC60673ECA}.Debug|Any CPU.ActiveCfg = Debug|Any CPU
		{4580D5E1-3499-42CD-B822-AEFC60673ECA}.Debug|Any CPU.Build.0 = Debug|Any CPU
		{4580D5E1-3499-42CD-B822-AEFC60673ECA}.Release|Any CPU.ActiveCfg = Release|Any CPU
		{4580D5E1-3499-42CD-B822-AEFC60673ECA}.Release|Any CPU.Build.0 = Release|Any CPU
	EndGlobalSection
	GlobalSection(SolutionProperties) = preSolution
		HideSolutionNode = FALSE
	EndGlobalSection
	GlobalSection(ExtensibilityGlobals) = postSolution
		SolutionGuid = {31B7ACE1-935C-4B4F-83AE-F0DAAD494C1A}
	EndGlobalSection
EndGlobal
